// !$*UTF8*$!
{
	archiveVersion = 1;
	classes = {
	};
	objectVersion = 55;
	objects = {

/* Begin PBXBuildFile section */
		750DA6252D0AA1AA004EBE5E /* AppDelegate.swift in Sources */ = {isa = PBXBuildFile; fileRef = 750DA6242D0AA1AA004EBE5E /* AppDelegate.swift */; };
		750DA6272D0AA1AA004EBE5E /* SceneDelegate.swift in Sources */ = {isa = PBXBuildFile; fileRef = 750DA6262D0AA1AA004EBE5E /* SceneDelegate.swift */; };
		750DA6292D0AA1AA004EBE5E /* ViewController.swift in Sources */ = {isa = PBXBuildFile; fileRef = 750DA6282D0AA1AA004EBE5E /* ViewController.swift */; };
		750DA62E2D0AA1AF004EBE5E /* Assets.xcassets in Resources */ = {isa = PBXBuildFile; fileRef = 750DA62D2D0AA1AF004EBE5E /* Assets.xcassets */; };
		750DA6312D0AA1AF004EBE5E /* LaunchScreen.storyboard in Resources */ = {isa = PBXBuildFile; fileRef = 750DA62F2D0AA1AF004EBE5E /* LaunchScreen.storyboard */; };
		750DA6392D0B2CCE004EBE5E /* ExtensionForCollection.swift in Sources */ = {isa = PBXBuildFile; fileRef = 750DA6382D0B2CCE004EBE5E /* ExtensionForCollection.swift */; };
		750DA63D2D0B2D40004EBE5E /* DataModel.swift in Sources */ = {isa = PBXBuildFile; fileRef = 750DA63C2D0B2D40004EBE5E /* DataModel.swift */; };
		750DA6402D0B2DFB004EBE5E /* ContentViewController.swift in Sources */ = {isa = PBXBuildFile; fileRef = 750DA63F2D0B2DFB004EBE5E /* ContentViewController.swift */; };
		750DA6422D0B2E45004EBE5E /* LabelView.swift in Sources */ = {isa = PBXBuildFile; fileRef = 750DA6412D0B2E45004EBE5E /* LabelView.swift */; };
		750DA6442D0B3279004EBE5E /* CellView.swift in Sources */ = {isa = PBXBuildFile; fileRef = 750DA6432D0B3279004EBE5E /* CellView.swift */; };
		750DA6462D0C1107004EBE5E /* ImageView.swift in Sources */ = {isa = PBXBuildFile; fileRef = 750DA6452D0C1107004EBE5E /* ImageView.swift */; };
/* End PBXBuildFile section */

/* Begin PBXFileReference section */
		750DA6212D0AA1AA004EBE5E /* Lesson2_9.app */ = {isa = PBXFileReference; explicitFileType = wrapper.application; includeInIndex = 0; path = Lesson2_9.app; sourceTree = BUILT_PRODUCTS_DIR; };
		750DA6242D0AA1AA004EBE5E /* AppDelegate.swift */ = {isa = PBXFileReference; lastKnownFileType = sourcecode.swift; path = AppDelegate.swift; sourceTree = "<group>"; };
		750DA6262D0AA1AA004EBE5E /* SceneDelegate.swift */ = {isa = PBXFileReference; lastKnownFileType = sourcecode.swift; path = SceneDelegate.swift; sourceTree = "<group>"; };
		750DA6282D0AA1AA004EBE5E /* ViewController.swift */ = {isa = PBXFileReference; lastKnownFileType = sourcecode.swift; path = ViewController.swift; sourceTree = "<group>"; };
		750DA62D2D0AA1AF004EBE5E /* Assets.xcassets */ = {isa = PBXFileReference; lastKnownFileType = folder.assetcatalog; path = Assets.xcassets; sourceTree = "<group>"; };
		750DA6302D0AA1AF004EBE5E /* Base */ = {isa = PBXFileReference; lastKnownFileType = file.storyboard; name = Base; path = Base.lproj/LaunchScreen.storyboard; sourceTree = "<group>"; };
		750DA6322D0AA1AF004EBE5E /* Info.plist */ = {isa = PBXFileReference; lastKnownFileType = text.plist.xml; path = Info.plist; sourceTree = "<group>"; };
		750DA6382D0B2CCE004EBE5E /* ExtensionForCollection.swift */ = {isa = PBXFileReference; lastKnownFileType = sourcecode.swift; path = ExtensionForCollection.swift; sourceTree = "<group>"; };
		750DA63C2D0B2D40004EBE5E /* DataModel.swift */ = {isa = PBXFileReference; lastKnownFileType = sourcecode.swift; path = DataModel.swift; sourceTree = "<group>"; };
		750DA63F2D0B2DFB004EBE5E /* ContentViewController.swift */ = {isa = PBXFileReference; lastKnownFileType = sourcecode.swift; path = ContentViewController.swift; sourceTree = "<group>"; };
		750DA6412D0B2E45004EBE5E /* LabelView.swift */ = {isa = PBXFileReference; lastKnownFileType = sourcecode.swift; path = LabelView.swift; sourceTree = "<group>"; };
		750DA6432D0B3279004EBE5E /* CellView.swift */ = {isa = PBXFileReference; lastKnownFileType = sourcecode.swift; path = CellView.swift; sourceTree = "<group>"; };
		750DA6452D0C1107004EBE5E /* ImageView.swift */ = {isa = PBXFileReference; lastKnownFileType = sourcecode.swift; path = ImageView.swift; sourceTree = "<group>"; };
/* End PBXFileReference section */

/* Begin PBXFrameworksBuildPhase section */
		750DA61E2D0AA1AA004EBE5E /* Frameworks */ = {
			isa = PBXFrameworksBuildPhase;
			buildActionMask = 2147483647;
			files = (
			);
			runOnlyForDeploymentPostprocessing = 0;
		};
/* End PBXFrameworksBuildPhase section */

/* Begin PBXGroup section */
		750DA6182D0AA1AA004EBE5E = {
			isa = PBXGroup;
			children = (
				750DA6232D0AA1AA004EBE5E /* Lesson2_9 */,
				750DA6222D0AA1AA004EBE5E /* Products */,
			);
			sourceTree = "<group>";
		};
		750DA6222D0AA1AA004EBE5E /* Products */ = {
			isa = PBXGroup;
			children = (
				750DA6212D0AA1AA004EBE5E /* Lesson2_9.app */,
			);
			name = Products;
			sourceTree = "<group>";
		};
		750DA6232D0AA1AA004EBE5E /* Lesson2_9 */ = {
			isa = PBXGroup;
			children = (
				750DA63A2D0B2CD6004EBE5E /* Setup */,
				750DA63E2D0B2D47004EBE5E /* Model */,
				750DA63B2D0B2CE8004EBE5E /* Supply */,
				750DA6472D0D3DB8004EBE5E /* Cell */,
				750DA6282D0AA1AA004EBE5E /* ViewController.swift */,
				750DA63F2D0B2DFB004EBE5E /* ContentViewController.swift */,
				750DA62D2D0AA1AF004EBE5E /* Assets.xcassets */,
				750DA62F2D0AA1AF004EBE5E /* LaunchScreen.storyboard */,
				750DA6322D0AA1AF004EBE5E /* Info.plist */,
			);
			path = Lesson2_9;
			sourceTree = "<group>";
		};
		750DA63A2D0B2CD6004EBE5E /* Setup */ = {
			isa = PBXGroup;
			children = (
				750DA6262D0AA1AA004EBE5E /* SceneDelegate.swift */,
				750DA6242D0AA1AA004EBE5E /* AppDelegate.swift */,
			);
			path = Setup;
			sourceTree = "<group>";
		};
		750DA63B2D0B2CE8004EBE5E /* Supply */ = {
			isa = PBXGroup;
			children = (
				750DA6412D0B2E45004EBE5E /* LabelView.swift */,
				750DA6452D0C1107004EBE5E /* ImageView.swift */,
			);
			path = Supply;
			sourceTree = "<group>";
		};
		750DA63E2D0B2D47004EBE5E /* Model */ = {
			isa = PBXGroup;
			children = (
				750DA63C2D0B2D40004EBE5E /* DataModel.swift */,
			);
			path = Model;
			sourceTree = "<group>";
		};
		750DA6472D0D3DB8004EBE5E /* Cell */ = {
			isa = PBXGroup;
			children = (
				750DA6382D0B2CCE004EBE5E /* ExtensionForCollection.swift */,
				750DA6432D0B3279004EBE5E /* CellView.swift */,
			);
			path = Cell;
			sourceTree = "<group>";
		};
/* End PBXGroup section */

/* Begin PBXNativeTarget section */
		750DA6202D0AA1AA004EBE5E /* Lesson2_9 */ = {
			isa = PBXNativeTarget;
			buildConfigurationList = 750DA6352D0AA1AF004EBE5E /* Build configuration list for PBXNativeTarget "Lesson2_9" */;
			buildPhases = (
				750DA61D2D0AA1AA004EBE5E /* Sources */,
				750DA61E2D0AA1AA004EBE5E /* Frameworks */,
				750DA61F2D0AA1AA004EBE5E /* Resources */,
			);
			buildRules = (
			);
			dependencies = (
			);
			name = Lesson2_9;
			productName = Lesson2_9;
			productReference = 750DA6212D0AA1AA004EBE5E /* Lesson2_9.app */;
			productType = "com.apple.product-type.application";
		};
/* End PBXNativeTarget section */

/* Begin PBXProject section */
		750DA6192D0AA1AA004EBE5E /* Project object */ = {
			isa = PBXProject;
			attributes = {
				BuildIndependentTargetsInParallel = 1;
				LastSwiftUpdateCheck = 1320;
				LastUpgradeCheck = 1320;
				TargetAttributes = {
					750DA6202D0AA1AA004EBE5E = {
						CreatedOnToolsVersion = 13.2.1;
					};
				};
			};
			buildConfigurationList = 750DA61C2D0AA1AA004EBE5E /* Build configuration list for PBXProject "Lesson2_9" */;
			compatibilityVersion = "Xcode 13.0";
			developmentRegion = en;
			hasScannedForEncodings = 0;
			knownRegions = (
				en,
				Base,
			);
			mainGroup = 750DA6182D0AA1AA004EBE5E;
			productRefGroup = 750DA6222D0AA1AA004EBE5E /* Products */;
			projectDirPath = "";
			projectRoot = "";
			targets = (
				750DA6202D0AA1AA004EBE5E /* Lesson2_9 */,
			);
		};
/* End PBXProject section */

/* Begin PBXResourcesBuildPhase section */
		750DA61F2D0AA1AA004EBE5E /* Resources */ = {
			isa = PBXResourcesBuildPhase;
			buildActionMask = 2147483647;
			files = (
				750DA6312D0AA1AF004EBE5E /* LaunchScreen.storyboard in Resources */,
				750DA62E2D0AA1AF004EBE5E /* Assets.xcassets in Resources */,
			);
			runOnlyForDeploymentPostprocessing = 0;
		};
/* End PBXResourcesBuildPhase section */

/* Begin PBXSourcesBuildPhase section */
		750DA61D2D0AA1AA004EBE5E /* Sources */ = {
			isa = PBXSourcesBuildPhase;
			buildActionMask = 2147483647;
			files = (
				750DA63D2D0B2D40004EBE5E /* DataModel.swift in Sources */,
				750DA6292D0AA1AA004EBE5E /* ViewController.swift in Sources */,
				750DA6422D0B2E45004EBE5E /* LabelView.swift in Sources */,
				750DA6252D0AA1AA004EBE5E /* AppDelegate.swift in Sources */,
				750DA6442D0B3279004EBE5E /* CellView.swift in Sources */,
				750DA6272D0AA1AA004EBE5E /* SceneDelegate.swift in Sources */,
				750DA6462D0C1107004EBE5E /* ImageView.swift in Sources */,
				750DA6402D0B2DFB004EBE5E /* ContentViewController.swift in Sources */,
				750DA6392D0B2CCE004EBE5E /* ExtensionForCollection.swift in Sources */,
			);
			runOnlyForDeploymentPostprocessing = 0;
		};
/* End PBXSourcesBuildPhase section */

/* Begin PBXVariantGroup section */
		750DA62F2D0AA1AF004EBE5E /* LaunchScreen.storyboard */ = {
			isa = PBXVariantGroup;
			children = (
				750DA6302D0AA1AF004EBE5E /* Base */,
			);
			name = LaunchScreen.storyboard;
			sourceTree = "<group>";
		};
/* End PBXVariantGroup section */

/* Begin XCBuildConfiguration section */
		750DA6332D0AA1AF004EBE5E /* Debug */ = {
			isa = XCBuildConfiguration;
			buildSettings = {
				ALWAYS_SEARCH_USER_PATHS = NO;
				CLANG_ANALYZER_NONNULL = YES;
				CLANG_ANALYZER_NUMBER_OBJECT_CONVERSION = YES_AGGRESSIVE;
				CLANG_CXX_LANGUAGE_STANDARD = "gnu++17";
				CLANG_CXX_LIBRARY = "libc++";
				CLANG_ENABLE_MODULES = YES;
				CLANG_ENABLE_OBJC_ARC = YES;
				CLANG_ENABLE_OBJC_WEAK = YES;
				CLANG_WARN_BLOCK_CAPTURE_AUTORELEASING = YES;
				CLANG_WARN_BOOL_CONVERSION = YES;
				CLANG_WARN_COMMA = YES;
				CLANG_WARN_CONSTANT_CONVERSION = YES;
				CLANG_WARN_DEPRECATED_OBJC_IMPLEMENTATIONS = YES;
				CLANG_WARN_DIRECT_OBJC_ISA_USAGE = YES_ERROR;
				CLANG_WARN_DOCUMENTATION_COMMENTS = YES;
				CLANG_WARN_EMPTY_BODY = YES;
				CLANG_WARN_ENUM_CONVERSION = YES;
				CLANG_WARN_INFINITE_RECURSION = YES;
				CLANG_WARN_INT_CONVERSION = YES;
				CLANG_WARN_NON_LITERAL_NULL_CONVERSION = YES;
				CLANG_WARN_OBJC_IMPLICIT_RETAIN_SELF = YES;
				CLANG_WARN_OBJC_LITERAL_CONVERSION = YES;
				CLANG_WARN_OBJC_ROOT_CLASS = YES_ERROR;
				CLANG_WARN_QUOTED_INCLUDE_IN_FRAMEWORK_HEADER = YES;
				CLANG_WARN_RANGE_LOOP_ANALYSIS = YES;
				CLANG_WARN_STRICT_PROTOTYPES = YES;
				CLANG_WARN_SUSPICIOUS_MOVE = YES;
				CLANG_WARN_UNGUARDED_AVAILABILITY = YES_AGGRESSIVE;
				CLANG_WARN_UNREACHABLE_CODE = YES;
				CLANG_WARN__DUPLICATE_METHOD_MATCH = YES;
				COPY_PHASE_STRIP = NO;
				DEBUG_INFORMATION_FORMAT = dwarf;
				ENABLE_STRICT_OBJC_MSGSEND = YES;
				ENABLE_TESTABILITY = YES;
				GCC_C_LANGUAGE_STANDARD = gnu11;
				GCC_DYNAMIC_NO_PIC = NO;
				GCC_NO_COMMON_BLOCKS = YES;
				GCC_OPTIMIZATION_LEVEL = 0;
				GCC_PREPROCESSOR_DEFINITIONS = (
					"DEBUG=1",
					"$(inherited)",
				);
				GCC_WARN_64_TO_32_BIT_CONVERSION = YES;
				GCC_WARN_ABOUT_RETURN_TYPE = YES_ERROR;
				GCC_WARN_UNDECLARED_SELECTOR = YES;
				GCC_WARN_UNINITIALIZED_AUTOS = YES_AGGRESSIVE;
				GCC_WARN_UNUSED_FUNCTION = YES;
				GCC_WARN_UNUSED_VARIABLE = YES;
				IPHONEOS_DEPLOYMENT_TARGET = 15.2;
				MTL_ENABLE_DEBUG_INFO = INCLUDE_SOURCE;
				MTL_FAST_MATH = YES;
				ONLY_ACTIVE_ARCH = YES;
				SDKROOT = iphoneos;
				SWIFT_ACTIVE_COMPILATION_CONDITIONS = DEBUG;
				SWIFT_OPTIMIZATION_LEVEL = "-Onone";
			};
			name = Debug;
		};
		750DA6342D0AA1AF004EBE5E /* Release */ = {
			isa = XCBuildConfiguration;
			buildSettings = {
				ALWAYS_SEARCH_USER_PATHS = NO;
				CLANG_ANALYZER_NONNULL = YES;
				CLANG_ANALYZER_NUMBER_OBJECT_CONVERSION = YES_AGGRESSIVE;
				CLANG_CXX_LANGUAGE_STANDARD = "gnu++17";
				CLANG_CXX_LIBRARY = "libc++";
				CLANG_ENABLE_MODULES = YES;
				CLANG_ENABLE_OBJC_ARC = YES;
				CLANG_ENABLE_OBJC_WEAK = YES;
				CLANG_WARN_BLOCK_CAPTURE_AUTORELEASING = YES;
				CLANG_WARN_BOOL_CONVERSION = YES;
				CLANG_WARN_COMMA = YES;
				CLANG_WARN_CONSTANT_CONVERSION = YES;
				CLANG_WARN_DEPRECATED_OBJC_IMPLEMENTATIONS = YES;
				CLANG_WARN_DIRECT_OBJC_ISA_USAGE = YES_ERROR;
				CLANG_WARN_DOCUMENTATION_COMMENTS = YES;
				CLANG_WARN_EMPTY_BODY = YES;
				CLANG_WARN_ENUM_CONVERSION = YES;
				CLANG_WARN_INFINITE_RECURSION = YES;
				CLANG_WARN_INT_CONVERSION = YES;
				CLANG_WARN_NON_LITERAL_NULL_CONVERSION = YES;
				CLANG_WARN_OBJC_IMPLICIT_RETAIN_SELF = YES;
				CLANG_WARN_OBJC_LITERAL_CONVERSION = YES;
				CLANG_WARN_OBJC_ROOT_CLASS = YES_ERROR;
				CLANG_WARN_QUOTED_INCLUDE_IN_FRAMEWORK_HEADER = YES;
				CLANG_WARN_RANGE_LOOP_ANALYSIS = YES;
				CLANG_WARN_STRICT_PROTOTYPES = YES;
				CLANG_WARN_SUSPICIOUS_MOVE = YES;
				CLANG_WARN_UNGUARDED_AVAILABILITY = YES_AGGRESSIVE;
				CLANG_WARN_UNREACHABLE_CODE = YES;
				CLANG_WARN__DUPLICATE_METHOD_MATCH = YES;
				COPY_PHASE_STRIP = NO;
				DEBUG_INFORMATION_FORMAT = "dwarf-with-dsym";
				ENABLE_NS_ASSERTIONS = NO;
				ENABLE_STRICT_OBJC_MSGSEND = YES;
				GCC_C_LANGUAGE_STANDARD = gnu11;
				GCC_NO_COMMON_BLOCKS = YES;
				GCC_WARN_64_TO_32_BIT_CONVERSION = YES;
				GCC_WARN_ABOUT_RETURN_TYPE = YES_ERROR;
				GCC_WARN_UNDECLARED_SELECTOR = YES;
				GCC_WARN_UNINITIALIZED_AUTOS = YES_AGGRESSIVE;
				GCC_WARN_UNUSED_FUNCTION = YES;
				GCC_WARN_UNUSED_VARIABLE = YES;
				IPHONEOS_DEPLOYMENT_TARGET = 15.2;
				MTL_ENABLE_DEBUG_INFO = NO;
				MTL_FAST_MATH = YES;
				SDKROOT = iphoneos;
				SWIFT_COMPILATION_MODE = wholemodule;
				SWIFT_OPTIMIZATION_LEVEL = "-O";
				VALIDATE_PRODUCT = YES;
			};
			name = Release;
		};
		750DA6362D0AA1AF004EBE5E /* Debug */ = {
			isa = XCBuildConfiguration;
			buildSettings = {
				ASSETCATALOG_COMPILER_APPICON_NAME = AppIcon;
				ASSETCATALOG_COMPILER_GLOBAL_ACCENT_COLOR_NAME = AccentColor;
				CODE_SIGN_STYLE = Automatic;
				CURRENT_PROJECT_VERSION = 1;
				GENERATE_INFOPLIST_FILE = YES;
				INFOPLIST_FILE = Lesson2_9/Info.plist;
				INFOPLIST_KEY_UIApplicationSupportsIndirectInputEvents = YES;
				INFOPLIST_KEY_UILaunchStoryboardName = LaunchScreen;
				INFOPLIST_KEY_UISupportedInterfaceOrientations = "";
				INFOPLIST_KEY_UISupportedInterfaceOrientations_iPad = "UIInterfaceOrientationPortrait UIInterfaceOrientationPortraitUpsideDown UIInterfaceOrientationLandscapeLeft UIInterfaceOrientationLandscapeRight";
				INFOPLIST_KEY_UISupportedInterfaceOrientations_iPhone = "UIInterfaceOrientationPortrait UIInterfaceOrientationLandscapeLeft UIInterfaceOrientationLandscapeRight";
				LD_RUNPATH_SEARCH_PATHS = (
					"$(inherited)",
					"@executable_path/Frameworks",
				);
				MARKETING_VERSION = 1.0;
				PRODUCT_BUNDLE_IDENTIFIER = "Mastepan.Lesson2-9";
				PRODUCT_NAME = "$(TARGET_NAME)";
				SWIFT_EMIT_LOC_STRINGS = YES;
				SWIFT_VERSION = 5.0;
				TARGETED_DEVICE_FAMILY = "1,2";
			};
			name = Debug;
		};
		750DA6372D0AA1AF004EBE5E /* Release */ = {
			isa = XCBuildConfiguration;
			buildSettings = {
				ASSETCATALOG_COMPILER_APPICON_NAME = AppIcon;
				ASSETCATALOG_COMPILER_GLOBAL_ACCENT_COLOR_NAME = AccentColor;
				CODE_SIGN_STYLE = Automatic;
				CURRENT_PROJECT_VERSION = 1;
				GENERATE_INFOPLIST_FILE = YES;
				INFOPLIST_FILE = Lesson2_9/Info.plist;
				INFOPLIST_KEY_UIApplicationSupportsIndirectInputEvents = YES;
				INFOPLIST_KEY_UILaunchStoryboardName = LaunchScreen;
				INFOPLIST_KEY_UISupportedInterfaceOrientations = "";
				INFOPLIST_KEY_UISupportedInterfaceOrientations_iPad = "UIInterfaceOrientationPortrait UIInterfaceOrientationPortraitUpsideDown UIInterfaceOrientationLandscapeLeft UIInterfaceOrientationLandscapeRight";
				INFOPLIST_KEY_UISupportedInterfaceOrientations_iPhone = "UIInterfaceOrientationPortrait UIInterfaceOrientationLandscapeLeft UIInterfaceOrientationLandscapeRight";
				LD_RUNPATH_SEARCH_PATHS = (
					"$(inherited)",
					"@executable_path/Frameworks",
				);
				MARKETING_VERSION = 1.0;
				PRODUCT_BUNDLE_IDENTIFIER = "Mastepan.Lesson2-9";
				PRODUCT_NAME = "$(TARGET_NAME)";
				SWIFT_EMIT_LOC_STRINGS = YES;
				SWIFT_VERSION = 5.0;
				TARGETED_DEVICE_FAMILY = "1,2";
			};
			name = Release;
		};
/* End XCBuildConfiguration section */

/* Begin XCConfigurationList section */
		750DA61C2D0AA1AA004EBE5E /* Build configuration list for PBXProject "Lesson2_9" */ = {
			isa = XCConfigurationList;
			buildConfigurations = (
				750DA6332D0AA1AF004EBE5E /* Debug */,
				750DA6342D0AA1AF004EBE5E /* Release */,
			);
			defaultConfigurationIsVisible = 0;
			defaultConfigurationName = Release;
		};
		750DA6352D0AA1AF004EBE5E /* Build configuration list for PBXNativeTarget "Lesson2_9" */ = {
			isa = XCConfigurationList;
			buildConfigurations = (
				750DA6362D0AA1AF004EBE5E /* Debug */,
				750DA6372D0AA1AF004EBE5E /* Release */,
			);
			defaultConfigurationIsVisible = 0;
			defaultConfigurationName = Release;
		};
/* End XCConfigurationList section */
	};
	rootObject = 750DA6192D0AA1AA004EBE5E /* Project object */;
}
